<?xml version="1.0" encoding="utf-8"?>
<Project ToolsVersion="4.0" xmlns="http://schemas.microsoft.com/developer/msbuild/2003">
  <ItemGroup>
    <Filter Include="Source Files">
      <UniqueIdentifier>{4FC737F1-C7A5-4376-A066-2A32D752A2FF}</UniqueIdentifier>
      <Extensions>cpp;c;cc;cxx;def;odl;idl;hpj;bat;asm;asmx</Extensions>
    </Filter>
    <Filter Include="Header Files">
      <UniqueIdentifier>{93995380-89BD-4b04-88EB-625FBE52EBFB}</UniqueIdentifier>
      <Extensions>h;hh;hpp;hxx;hm;inl;inc;xsd</Extensions>
    </Filter>
    <Filter Include="Resource Files">
      <UniqueIdentifier>{67DA6AB6-F800-4c08-8B7A-83BB121AAD01}</UniqueIdentifier>
      <Extensions>rc;ico;cur;bmp;dlg;rc2;rct;bin;rgs;gif;jpg;jpeg;jpe;resx;tiff;tif;png;wav;mfcribbon-ms</Extensions>
    </Filter>
    <Filter Include="Source Files\scenes">
      <UniqueIdentifier>{77a1a25e-beb4-40c3-a462-3607fe50c915}</UniqueIdentifier>
    </Filter>
    <Filter Include="Source Files\light">
      <UniqueIdentifier>{90c5d173-077d-4b64-96b8-049afc7a1fa5}</UniqueIdentifier>
    </Filter>
    <Filter Include="Source Files\models">
      <UniqueIdentifier>{522ac340-a8a8-4fe7-a956-2aec46fbac05}</UniqueIdentifier>
    </Filter>
    <Filter Include="Source Files\utility">
      <UniqueIdentifier>{c4700b70-5fd7-4490-a8ef-306902d13b0d}</UniqueIdentifier>
    </Filter>
    <Filter Include="Source Files\acceleration">
      <UniqueIdentifier>{18a91432-82b7-43e0-a235-c66af2a8c5d0}</UniqueIdentifier>
    </Filter>
    <Filter Include="Source Files\utility\EasyBMP">
      <UniqueIdentifier>{dd4b42c8-6805-4aad-99f9-717b6302d31f}</UniqueIdentifier>
    </Filter>
  </ItemGroup>
  <ItemGroup>
    <ClInclude Include="stdafx.h">
      <Filter>Header Files</Filter>
    </ClInclude>
    <ClInclude Include="targetver.h">
      <Filter>Header Files</Filter>
    </ClInclude>
    <ClInclude Include="..\src\common.h">
      <Filter>Source Files</Filter>
    </ClInclude>
    <ClInclude Include="..\src\raytracer.h">
      <Filter>Source Files</Filter>
    </ClInclude>
    <ClInclude Include="..\src\models\model.h">
      <Filter>Source Files\models</Filter>
    </ClInclude>
    <ClInclude Include="..\src\light\light.h">
      <Filter>Source Files\light</Filter>
    </ClInclude>
    <ClInclude Include="..\src\utility\json.hpp">
      <Filter>Source Files\utility</Filter>
    </ClInclude>
    <ClInclude Include="..\src\utility\scene_adapter.h">
      <Filter>Source Files\utility</Filter>
    </ClInclude>
    <ClInclude Include="..\src\acceleration\acceleration.h">
      <Filter>Source Files\acceleration</Filter>
    </ClInclude>
    <ClInclude Include="..\src\utility\EasyBMP\EasyBMP.h">
      <Filter>Source Files\utility\EasyBMP</Filter>
    </ClInclude>
    <ClInclude Include="..\src\utility\EasyBMP\EasyBMP_BMP.h">
      <Filter>Source Files\utility\EasyBMP</Filter>
    </ClInclude>
    <ClInclude Include="..\src\utility\EasyBMP\EasyBMP_DataStructures.h">
      <Filter>Source Files\utility\EasyBMP</Filter>
    </ClInclude>
    <ClInclude Include="..\src\utility\EasyBMP\EasyBMP_VariousBMPutilities.h">
      <Filter>Source Files\utility\EasyBMP</Filter>
    </ClInclude>
    <ClInclude Include="..\src\utility\texture.h">
      <Filter>Source Files\utility</Filter>
    </ClInclude>
    <ClInclude Include="..\src\ray.h">
      <Filter>Source Files</Filter>
    </ClInclude>
  </ItemGroup>
  <ItemGroup>
    <ClCompile Include="..\src\main.cpp">
      <Filter>Source Files</Filter>
    </ClCompile>
    <ClCompile Include="..\src\q1.cpp">
      <Filter>Source Files</Filter>
    </ClCompile>
    <ClCompile Include="..\src\raytracer.cpp">
      <Filter>Source Files</Filter>
    </ClCompile>
    <ClCompile Include="..\src\models\plane.cpp">
      <Filter>Source Files\models</Filter>
    </ClCompile>
    <ClCompile Include="..\src\models\sphere.cpp">
      <Filter>Source Files\models</Filter>
    </ClCompile>
    <ClCompile Include="..\src\models\triangle.cpp">
      <Filter>Source Files\models</Filter>
    </ClCompile>
    <ClCompile Include="..\src\utility\scene_adapter.cpp">
      <Filter>Source Files\utility</Filter>
    </ClCompile>
    <ClCompile Include="..\src\acceleration\aabb.cpp">
      <Filter>Source Files\acceleration</Filter>
    </ClCompile>
    <ClCompile Include="..\src\models\mesh.cpp">
      <Filter>Source Files\models</Filter>
    </ClCompile>
    <ClCompile Include="..\src\acceleration\mesh_hierarchy.cpp">
      <Filter>Source Files\acceleration</Filter>
    </ClCompile>
    <ClCompile Include="..\src\models\object.cpp">
      <Filter>Source Files\models</Filter>
    </ClCompile>
    <ClCompile Include="..\src\utility\EasyBMP\EasyBMP.cpp">
      <Filter>Source Files\utility\EasyBMP</Filter>
    </ClCompile>
    <ClCompile Include="..\src\utility\texture.cpp">
      <Filter>Source Files\utility</Filter>
    </ClCompile>
    <ClCompile Include="..\src\ray.cpp">
      <Filter>Source Files</Filter>
    </ClCompile>
    <ClCompile Include="..\src\light\light.cpp">
      <Filter>Source Files\light</Filter>
    </ClCompile>
  </ItemGroup>
  <ItemGroup>
    <None Include="..\src\fshader.glsl">
      <Filter>Resource Files</Filter>
    </None>
    <None Include="..\src\vshader.glsl">
      <Filter>Resource Files</Filter>
    </None>
    <None Include="..\src\Makefile">
      <Filter>Source Files</Filter>
    </None>
    <None Include="..\src\v.glsl">
      <Filter>Source Files</Filter>
    </None>
    <None Include="..\src\scenes\a.json">
      <Filter>Source Files\scenes</Filter>
    </None>
    <None Include="..\src\scenes\b.json">
      <Filter>Source Files\scenes</Filter>
    </None>
    <None Include="..\src\scenes\c.json">
      <Filter>Source Files\scenes</Filter>
    </None>
    <None Include="..\src\scenes\d.json">
      <Filter>Source Files\scenes</Filter>
    </None>
    <None Include="..\src\scenes\e.json">
      <Filter>Source Files\scenes</Filter>
    </None>
    <None Include="..\src\scenes\f.json">
      <Filter>Source Files\scenes</Filter>
    </None>
    <None Include="..\src\scenes\g.json">
      <Filter>Source Files\scenes</Filter>
    </None>
    <None Include="..\src\scenes\h.json">
      <Filter>Source Files\scenes</Filter>
    </None>
    <None Include="..\src\scenes\i.json">
      <Filter>Source Files\scenes</Filter>
    </None>
    <None Include="..\src\scenes\i2.json">
      <Filter>Source Files\scenes</Filter>
    </None>
    <None Include="..\src\scenes\teapot.json">
      <Filter>Source Files\scenes</Filter>
    </None>
    <None Include="..\src\scenes\a2.json">
      <Filter>Source Files\scenes</Filter>
    </None>
    <None Include="..\src\scenes\c_checkers.json">
      <Filter>Source Files\scenes</Filter>
    </None>
    <None Include="..\src\scenes\c_textures.json">
      <Filter>Source Files\scenes</Filter>
    </None>
    <None Include="..\src\scenes\b_area_light.json">
      <Filter>Source Files\scenes</Filter>
    </None>
  </ItemGroup>
  <ItemGroup>
    <Text Include="..\ReadMe.md">
      <Filter>Source Files</Filter>
    </Text>
    <Text Include="..\src\utility\EasyBMP\BSD_(revised)_license.txt">
      <Filter>Source Files\utility\EasyBMP</Filter>
    </Text>
    <Text Include="..\src\utility\EasyBMP\EasyBMP_ChangeLog.txt">
      <Filter>Source Files\utility\EasyBMP</Filter>
    </Text>
  </ItemGroup>
</Project>